// !$*UTF8*$!
{
	archiveVersion = 1;
	classes = {
	};
	objectVersion = 50;
	objects = {

/* Begin PBXBuildFile section */
		6B5FB35C95410BD7925A99C0 /* Pods_MovieReviewAppTests.framework in Frameworks */ = {isa = PBXBuildFile; fileRef = 1A1B6DFF4FBD7B4711DC2310 /* Pods_MovieReviewAppTests.framework */; };
		75706B9C263E3848007B07EC /* AppDelegate.swift in Sources */ = {isa = PBXBuildFile; fileRef = 75706B9B263E3848007B07EC /* AppDelegate.swift */; };
		75706B9E263E3848007B07EC /* SceneDelegate.swift in Sources */ = {isa = PBXBuildFile; fileRef = 75706B9D263E3848007B07EC /* SceneDelegate.swift */; };
		75706BA0263E3848007B07EC /* ViewController.swift in Sources */ = {isa = PBXBuildFile; fileRef = 75706B9F263E3848007B07EC /* ViewController.swift */; };
		75706BA3263E3848007B07EC /* Main.storyboard in Resources */ = {isa = PBXBuildFile; fileRef = 75706BA1263E3848007B07EC /* Main.storyboard */; };
		75706BA5263E3857007B07EC /* Assets.xcassets in Resources */ = {isa = PBXBuildFile; fileRef = 75706BA4263E3857007B07EC /* Assets.xcassets */; };
		75706BA8263E3857007B07EC /* LaunchScreen.storyboard in Resources */ = {isa = PBXBuildFile; fileRef = 75706BA6263E3857007B07EC /* LaunchScreen.storyboard */; };
		75706BB3263E3857007B07EC /* MovieReviewAppTests.swift in Sources */ = {isa = PBXBuildFile; fileRef = 75706BB2263E3857007B07EC /* MovieReviewAppTests.swift */; };
		75706BBE263E3857007B07EC /* MovieReviewAppUITests.swift in Sources */ = {isa = PBXBuildFile; fileRef = 75706BBD263E3857007B07EC /* MovieReviewAppUITests.swift */; };
		77F8F186BB767EEBBCE225E8 /* Pods_MovieReviewApp_MovieReviewAppUITests.framework in Frameworks */ = {isa = PBXBuildFile; fileRef = B857DDAAE8E016280C37D0E5 /* Pods_MovieReviewApp_MovieReviewAppUITests.framework */; };
		B2E77F7B2F2BDA137AA7FC40 /* Pods_MovieReviewApp.framework in Frameworks */ = {isa = PBXBuildFile; fileRef = 5B963856D9E867575A2ACBFA /* Pods_MovieReviewApp.framework */; };
/* End PBXBuildFile section */

/* Begin PBXContainerItemProxy section */
		75706BAF263E3857007B07EC /* PBXContainerItemProxy */ = {
			isa = PBXContainerItemProxy;
			containerPortal = 75706B90263E3848007B07EC /* Project object */;
			proxyType = 1;
			remoteGlobalIDString = 75706B97263E3848007B07EC;
			remoteInfo = MovieReviewApp;
		};
		75706BBA263E3857007B07EC /* PBXContainerItemProxy */ = {
			isa = PBXContainerItemProxy;
			containerPortal = 75706B90263E3848007B07EC /* Project object */;
			proxyType = 1;
			remoteGlobalIDString = 75706B97263E3848007B07EC;
			remoteInfo = MovieReviewApp;
		};
/* End PBXContainerItemProxy section */

/* Begin PBXFileReference section */
		05340F4BC582570698269345 /* Pods-MovieReviewAppTests.release.xcconfig */ = {isa = PBXFileReference; includeInIndex = 1; lastKnownFileType = text.xcconfig; name = "Pods-MovieReviewAppTests.release.xcconfig"; path = "Target Support Files/Pods-MovieReviewAppTests/Pods-MovieReviewAppTests.release.xcconfig"; sourceTree = "<group>"; };
		1A1B6DFF4FBD7B4711DC2310 /* Pods_MovieReviewAppTests.framework */ = {isa = PBXFileReference; explicitFileType = wrapper.framework; includeInIndex = 0; path = Pods_MovieReviewAppTests.framework; sourceTree = BUILT_PRODUCTS_DIR; };
		24CF80D6E16CD3E4F0E881D9 /* Pods-MovieReviewApp.debug.xcconfig */ = {isa = PBXFileReference; includeInIndex = 1; lastKnownFileType = text.xcconfig; name = "Pods-MovieReviewApp.debug.xcconfig"; path = "Target Support Files/Pods-MovieReviewApp/Pods-MovieReviewApp.debug.xcconfig"; sourceTree = "<group>"; };
		5B963856D9E867575A2ACBFA /* Pods_MovieReviewApp.framework */ = {isa = PBXFileReference; explicitFileType = wrapper.framework; includeInIndex = 0; path = Pods_MovieReviewApp.framework; sourceTree = BUILT_PRODUCTS_DIR; };
		75706B98263E3848007B07EC /* MovieReviewApp.app */ = {isa = PBXFileReference; explicitFileType = wrapper.application; includeInIndex = 0; path = MovieReviewApp.app; sourceTree = BUILT_PRODUCTS_DIR; };
		75706B9B263E3848007B07EC /* AppDelegate.swift */ = {isa = PBXFileReference; lastKnownFileType = sourcecode.swift; path = AppDelegate.swift; sourceTree = "<group>"; };
		75706B9D263E3848007B07EC /* SceneDelegate.swift */ = {isa = PBXFileReference; lastKnownFileType = sourcecode.swift; path = SceneDelegate.swift; sourceTree = "<group>"; };
		75706B9F263E3848007B07EC /* ViewController.swift */ = {isa = PBXFileReference; lastKnownFileType = sourcecode.swift; path = ViewController.swift; sourceTree = "<group>"; };
		75706BA2263E3848007B07EC /* Base */ = {isa = PBXFileReference; lastKnownFileType = file.storyboard; name = Base; path = Base.lproj/Main.storyboard; sourceTree = "<group>"; };
		75706BA4263E3857007B07EC /* Assets.xcassets */ = {isa = PBXFileReference; lastKnownFileType = folder.assetcatalog; path = Assets.xcassets; sourceTree = "<group>"; };
		75706BA7263E3857007B07EC /* Base */ = {isa = PBXFileReference; lastKnownFileType = file.storyboard; name = Base; path = Base.lproj/LaunchScreen.storyboard; sourceTree = "<group>"; };
		75706BA9263E3857007B07EC /* Info.plist */ = {isa = PBXFileReference; lastKnownFileType = text.plist.xml; path = Info.plist; sourceTree = "<group>"; };
		75706BAE263E3857007B07EC /* MovieReviewAppTests.xctest */ = {isa = PBXFileReference; explicitFileType = wrapper.cfbundle; includeInIndex = 0; path = MovieReviewAppTests.xctest; sourceTree = BUILT_PRODUCTS_DIR; };
		75706BB2263E3857007B07EC /* MovieReviewAppTests.swift */ = {isa = PBXFileReference; lastKnownFileType = sourcecode.swift; path = MovieReviewAppTests.swift; sourceTree = "<group>"; };
		75706BB4263E3857007B07EC /* Info.plist */ = {isa = PBXFileReference; lastKnownFileType = text.plist.xml; path = Info.plist; sourceTree = "<group>"; };
		75706BB9263E3857007B07EC /* MovieReviewAppUITests.xctest */ = {isa = PBXFileReference; explicitFileType = wrapper.cfbundle; includeInIndex = 0; path = MovieReviewAppUITests.xctest; sourceTree = BUILT_PRODUCTS_DIR; };
		75706BBD263E3857007B07EC /* MovieReviewAppUITests.swift */ = {isa = PBXFileReference; lastKnownFileType = sourcecode.swift; path = MovieReviewAppUITests.swift; sourceTree = "<group>"; };
		75706BBF263E3857007B07EC /* Info.plist */ = {isa = PBXFileReference; lastKnownFileType = text.plist.xml; path = Info.plist; sourceTree = "<group>"; };
		763A256C7DE004143DACE9C8 /* Pods-MovieReviewApp-MovieReviewAppUITests.release.xcconfig */ = {isa = PBXFileReference; includeInIndex = 1; lastKnownFileType = text.xcconfig; name = "Pods-MovieReviewApp-MovieReviewAppUITests.release.xcconfig"; path = "Target Support Files/Pods-MovieReviewApp-MovieReviewAppUITests/Pods-MovieReviewApp-MovieReviewAppUITests.release.xcconfig"; sourceTree = "<group>"; };
		9376C1BE187B0479CE1DE5B5 /* Pods-MovieReviewApp.release.xcconfig */ = {isa = PBXFileReference; includeInIndex = 1; lastKnownFileType = text.xcconfig; name = "Pods-MovieReviewApp.release.xcconfig"; path = "Target Support Files/Pods-MovieReviewApp/Pods-MovieReviewApp.release.xcconfig"; sourceTree = "<group>"; };
		B857DDAAE8E016280C37D0E5 /* Pods_MovieReviewApp_MovieReviewAppUITests.framework */ = {isa = PBXFileReference; explicitFileType = wrapper.framework; includeInIndex = 0; path = Pods_MovieReviewApp_MovieReviewAppUITests.framework; sourceTree = BUILT_PRODUCTS_DIR; };
		E438CD7236370238E61D1D9F /* Pods-MovieReviewApp-MovieReviewAppUITests.debug.xcconfig */ = {isa = PBXFileReference; includeInIndex = 1; lastKnownFileType = text.xcconfig; name = "Pods-MovieReviewApp-MovieReviewAppUITests.debug.xcconfig"; path = "Target Support Files/Pods-MovieReviewApp-MovieReviewAppUITests/Pods-MovieReviewApp-MovieReviewAppUITests.debug.xcconfig"; sourceTree = "<group>"; };
		FCA92E312B397C9E30D3EDA5 /* Pods-MovieReviewAppTests.debug.xcconfig */ = {isa = PBXFileReference; includeInIndex = 1; lastKnownFileType = text.xcconfig; name = "Pods-MovieReviewAppTests.debug.xcconfig"; path = "Target Support Files/Pods-MovieReviewAppTests/Pods-MovieReviewAppTests.debug.xcconfig"; sourceTree = "<group>"; };
/* End PBXFileReference section */

/* Begin PBXFrameworksBuildPhase section */
		75706B95263E3848007B07EC /* Frameworks */ = {
			isa = PBXFrameworksBuildPhase;
			buildActionMask = 2147483647;
			files = (
				B2E77F7B2F2BDA137AA7FC40 /* Pods_MovieReviewApp.framework in Frameworks */,
			);
			runOnlyForDeploymentPostprocessing = 0;
		};
		75706BAB263E3857007B07EC /* Frameworks */ = {
			isa = PBXFrameworksBuildPhase;
			buildActionMask = 2147483647;
			files = (
				6B5FB35C95410BD7925A99C0 /* Pods_MovieReviewAppTests.framework in Frameworks */,
			);
			runOnlyForDeploymentPostprocessing = 0;
		};
		75706BB6263E3857007B07EC /* Frameworks */ = {
			isa = PBXFrameworksBuildPhase;
			buildActionMask = 2147483647;
			files = (
				77F8F186BB767EEBBCE225E8 /* Pods_MovieReviewApp_MovieReviewAppUITests.framework in Frameworks */,
			);
			runOnlyForDeploymentPostprocessing = 0;
		};
/* End PBXFrameworksBuildPhase section */

/* Begin PBXGroup section */
		07C8F04EBE4230752D551B7D /* Pods */ = {
			isa = PBXGroup;
			children = (
				24CF80D6E16CD3E4F0E881D9 /* Pods-MovieReviewApp.debug.xcconfig */,
				9376C1BE187B0479CE1DE5B5 /* Pods-MovieReviewApp.release.xcconfig */,
				E438CD7236370238E61D1D9F /* Pods-MovieReviewApp-MovieReviewAppUITests.debug.xcconfig */,
				763A256C7DE004143DACE9C8 /* Pods-MovieReviewApp-MovieReviewAppUITests.release.xcconfig */,
				FCA92E312B397C9E30D3EDA5 /* Pods-MovieReviewAppTests.debug.xcconfig */,
				05340F4BC582570698269345 /* Pods-MovieReviewAppTests.release.xcconfig */,
			);
			name = Pods;
			path = Pods;
			sourceTree = "<group>";
		};
		75706B8F263E3848007B07EC = {
			isa = PBXGroup;
			children = (
				75706B9A263E3848007B07EC /* MovieReviewApp */,
				75706BB1263E3857007B07EC /* MovieReviewAppTests */,
				75706BBC263E3857007B07EC /* MovieReviewAppUITests */,
				75706B99263E3848007B07EC /* Products */,
				07C8F04EBE4230752D551B7D /* Pods */,
				B0DD1C8C57F0EAE89B342E0E /* Frameworks */,
			);
			sourceTree = "<group>";
		};
		75706B99263E3848007B07EC /* Products */ = {
			isa = PBXGroup;
			children = (
				75706B98263E3848007B07EC /* MovieReviewApp.app */,
				75706BAE263E3857007B07EC /* MovieReviewAppTests.xctest */,
				75706BB9263E3857007B07EC /* MovieReviewAppUITests.xctest */,
			);
			name = Products;
			sourceTree = "<group>";
		};
		75706B9A263E3848007B07EC /* MovieReviewApp */ = {
			isa = PBXGroup;
			children = (
				75706B9B263E3848007B07EC /* AppDelegate.swift */,
				75706B9D263E3848007B07EC /* SceneDelegate.swift */,
				75706B9F263E3848007B07EC /* ViewController.swift */,
				75706BA1263E3848007B07EC /* Main.storyboard */,
				75706BA4263E3857007B07EC /* Assets.xcassets */,
				75706BA6263E3857007B07EC /* LaunchScreen.storyboard */,
				75706BA9263E3857007B07EC /* Info.plist */,
			);
			path = MovieReviewApp;
			sourceTree = "<group>";
		};
		75706BB1263E3857007B07EC /* MovieReviewAppTests */ = {
			isa = PBXGroup;
			children = (
				75706BB2263E3857007B07EC /* MovieReviewAppTests.swift */,
				75706BB4263E3857007B07EC /* Info.plist */,
			);
			path = MovieReviewAppTests;
			sourceTree = "<group>";
		};
		75706BBC263E3857007B07EC /* MovieReviewAppUITests */ = {
			isa = PBXGroup;
			children = (
				75706BBD263E3857007B07EC /* MovieReviewAppUITests.swift */,
				75706BBF263E3857007B07EC /* Info.plist */,
			);
			path = MovieReviewAppUITests;
			sourceTree = "<group>";
		};
		B0DD1C8C57F0EAE89B342E0E /* Frameworks */ = {
			isa = PBXGroup;
			children = (
				5B963856D9E867575A2ACBFA /* Pods_MovieReviewApp.framework */,
				B857DDAAE8E016280C37D0E5 /* Pods_MovieReviewApp_MovieReviewAppUITests.framework */,
				1A1B6DFF4FBD7B4711DC2310 /* Pods_MovieReviewAppTests.framework */,
			);
			name = Frameworks;
			sourceTree = "<group>";
		};
/* End PBXGroup section */

/* Begin PBXNativeTarget section */
		75706B97263E3848007B07EC /* MovieReviewApp */ = {
			isa = PBXNativeTarget;
			buildConfigurationList = 75706BC2263E3857007B07EC /* Build configuration list for PBXNativeTarget "MovieReviewApp" */;
			buildPhases = (
				00FD2F2B21C156F45AA7EFEB /* [CP] Check Pods Manifest.lock */,
				75706B94263E3848007B07EC /* Sources */,
				75706B95263E3848007B07EC /* Frameworks */,
				75706B96263E3848007B07EC /* Resources */,
				EC1B2690D16677AA5C66E9EA /* [CP] Embed Pods Frameworks */,
			);
			buildRules = (
			);
			dependencies = (
			);
			name = MovieReviewApp;
			productName = MovieReviewApp;
			productReference = 75706B98263E3848007B07EC /* MovieReviewApp.app */;
			productType = "com.apple.product-type.application";
		};
		75706BAD263E3857007B07EC /* MovieReviewAppTests */ = {
			isa = PBXNativeTarget;
			buildConfigurationList = 75706BC5263E3857007B07EC /* Build configuration list for PBXNativeTarget "MovieReviewAppTests" */;
			buildPhases = (
				C3BC035F2AD8E639260A044E /* [CP] Check Pods Manifest.lock */,
				75706BAA263E3857007B07EC /* Sources */,
				75706BAB263E3857007B07EC /* Frameworks */,
				75706BAC263E3857007B07EC /* Resources */,
			);
			buildRules = (
			);
			dependencies = (
				75706BB0263E3857007B07EC /* PBXTargetDependency */,
			);
			name = MovieReviewAppTests;
			productName = MovieReviewAppTests;
			productReference = 75706BAE263E3857007B07EC /* MovieReviewAppTests.xctest */;
			productType = "com.apple.product-type.bundle.unit-test";
		};
		75706BB8263E3857007B07EC /* MovieReviewAppUITests */ = {
			isa = PBXNativeTarget;
			buildConfigurationList = 75706BC8263E3857007B07EC /* Build configuration list for PBXNativeTarget "MovieReviewAppUITests" */;
			buildPhases = (
				7AC21CB106C84723FC091952 /* [CP] Check Pods Manifest.lock */,
				75706BB5263E3857007B07EC /* Sources */,
				75706BB6263E3857007B07EC /* Frameworks */,
				75706BB7263E3857007B07EC /* Resources */,
				1BF4C5E993F332C6DC5CB672 /* [CP] Embed Pods Frameworks */,
			);
			buildRules = (
			);
			dependencies = (
				75706BBB263E3857007B07EC /* PBXTargetDependency */,
			);
			name = MovieReviewAppUITests;
			productName = MovieReviewAppUITests;
			productReference = 75706BB9263E3857007B07EC /* MovieReviewAppUITests.xctest */;
			productType = "com.apple.product-type.bundle.ui-testing";
		};
/* End PBXNativeTarget section */

/* Begin PBXProject section */
		75706B90263E3848007B07EC /* Project object */ = {
			isa = PBXProject;
			attributes = {
				LastSwiftUpdateCheck = 1240;
				LastUpgradeCheck = 1240;
				TargetAttributes = {
					75706B97263E3848007B07EC = {
						CreatedOnToolsVersion = 12.4;
					};
					75706BAD263E3857007B07EC = {
						CreatedOnToolsVersion = 12.4;
						TestTargetID = 75706B97263E3848007B07EC;
					};
					75706BB8263E3857007B07EC = {
						CreatedOnToolsVersion = 12.4;
						TestTargetID = 75706B97263E3848007B07EC;
					};
				};
			};
			buildConfigurationList = 75706B93263E3848007B07EC /* Build configuration list for PBXProject "MovieReviewApp" */;
			compatibilityVersion = "Xcode 9.3";
			developmentRegion = en;
			hasScannedForEncodings = 0;
			knownRegions = (
				en,
				Base,
			);
			mainGroup = 75706B8F263E3848007B07EC;
			productRefGroup = 75706B99263E3848007B07EC /* Products */;
			projectDirPath = "";
			projectRoot = "";
			targets = (
				75706B97263E3848007B07EC /* MovieReviewApp */,
				75706BAD263E3857007B07EC /* MovieReviewAppTests */,
				75706BB8263E3857007B07EC /* MovieReviewAppUITests */,
			);
		};
/* End PBXProject section */

/* Begin PBXResourcesBuildPhase section */
		75706B96263E3848007B07EC /* Resources */ = {
			isa = PBXResourcesBuildPhase;
			buildActionMask = 2147483647;
			files = (
				75706BA8263E3857007B07EC /* LaunchScreen.storyboard in Resources */,
				75706BA5263E3857007B07EC /* Assets.xcassets in Resources */,
				75706BA3263E3848007B07EC /* Main.storyboard in Resources */,
			);
			runOnlyForDeploymentPostprocessing = 0;
		};
		75706BAC263E3857007B07EC /* Resources */ = {
			isa = PBXResourcesBuildPhase;
			buildActionMask = 2147483647;
			files = (
			);
			runOnlyForDeploymentPostprocessing = 0;
		};
		75706BB7263E3857007B07EC /* Resources */ = {
			isa = PBXResourcesBuildPhase;
			buildActionMask = 2147483647;
			files = (
			);
			runOnlyForDeploymentPostprocessing = 0;
		};
/* End PBXResourcesBuildPhase section */

/* Begin PBXShellScriptBuildPhase section */
		00FD2F2B21C156F45AA7EFEB /* [CP] Check Pods Manifest.lock */ = {
			isa = PBXShellScriptBuildPhase;
			buildActionMask = 2147483647;
			files = (
			);
			inputFileListPaths = (
			);
			inputPaths = (
				"${PODS_PODFILE_DIR_PATH}/Podfile.lock",
				"${PODS_ROOT}/Manifest.lock",
			);
			name = "[CP] Check Pods Manifest.lock";
			outputFileListPaths = (
			);
			outputPaths = (
				"$(DERIVED_FILE_DIR)/Pods-MovieReviewApp-checkManifestLockResult.txt",
			);
			runOnlyForDeploymentPostprocessing = 0;
			shellPath = /bin/sh;
			shellScript = "diff \"${PODS_PODFILE_DIR_PATH}/Podfile.lock\" \"${PODS_ROOT}/Manifest.lock\" > /dev/null\nif [ $? != 0 ] ; then\n    # print error to STDERR\n    echo \"error: The sandbox is not in sync with the Podfile.lock. Run 'pod install' or update your CocoaPods installation.\" >&2\n    exit 1\nfi\n# This output is used by Xcode 'outputs' to avoid re-running this script phase.\necho \"SUCCESS\" > \"${SCRIPT_OUTPUT_FILE_0}\"\n";
			showEnvVarsInLog = 0;
		};
		1BF4C5E993F332C6DC5CB672 /* [CP] Embed Pods Frameworks */ = {
			isa = PBXShellScriptBuildPhase;
			buildActionMask = 2147483647;
			files = (
			);
			inputFileListPaths = (
				"${PODS_ROOT}/Target Support Files/Pods-MovieReviewApp-MovieReviewAppUITests/Pods-MovieReviewApp-MovieReviewAppUITests-frameworks-${CONFIGURATION}-input-files.xcfilelist",
			);
			name = "[CP] Embed Pods Frameworks";
			outputFileListPaths = (
				"${PODS_ROOT}/Target Support Files/Pods-MovieReviewApp-MovieReviewAppUITests/Pods-MovieReviewApp-MovieReviewAppUITests-frameworks-${CONFIGURATION}-output-files.xcfilelist",
			);
			runOnlyForDeploymentPostprocessing = 0;
			shellPath = /bin/sh;
			shellScript = "\"${PODS_ROOT}/Target Support Files/Pods-MovieReviewApp-MovieReviewAppUITests/Pods-MovieReviewApp-MovieReviewAppUITests-frameworks.sh\"\n";
			showEnvVarsInLog = 0;
		};
		7AC21CB106C84723FC091952 /* [CP] Check Pods Manifest.lock */ = {
			isa = PBXShellScriptBuildPhase;
			buildActionMask = 2147483647;
			files = (
			);
			inputFileListPaths = (
			);
			inputPaths = (
				"${PODS_PODFILE_DIR_PATH}/Podfile.lock",
				"${PODS_ROOT}/Manifest.lock",
			);
			name = "[CP] Check Pods Manifest.lock";
			outputFileListPaths = (
			);
			outputPaths = (
				"$(DERIVED_FILE_DIR)/Pods-MovieReviewApp-MovieReviewAppUITests-checkManifestLockResult.txt",
			);
			runOnlyForDeploymentPostprocessing = 0;
			shellPath = /bin/sh;
			shellScript = "diff \"${PODS_PODFILE_DIR_PATH}/Podfile.lock\" \"${PODS_ROOT}/Manifest.lock\" > /dev/null\nif [ $? != 0 ] ; then\n    # print error to STDERR\n    echo \"error: The sandbox is not in sync with the Podfile.lock. Run 'pod install' or update your CocoaPods installation.\" >&2\n    exit 1\nfi\n# This output is used by Xcode 'outputs' to avoid re-running this script phase.\necho \"SUCCESS\" > \"${SCRIPT_OUTPUT_FILE_0}\"\n";
			showEnvVarsInLog = 0;
		};
		C3BC035F2AD8E639260A044E /* [CP] Check Pods Manifest.lock */ = {
			isa = PBXShellScriptBuildPhase;
			buildActionMask = 2147483647;
			files = (
			);
			inputFileListPaths = (
			);
			inputPaths = (
				"${PODS_PODFILE_DIR_PATH}/Podfile.lock",
				"${PODS_ROOT}/Manifest.lock",
			);
			name = "[CP] Check Pods Manifest.lock";
			outputFileListPaths = (
			);
			outputPaths = (
				"$(DERIVED_FILE_DIR)/Pods-MovieReviewAppTests-checkManifestLockResult.txt",
			);
			runOnlyForDeploymentPostprocessing = 0;
			shellPath = /bin/sh;
			shellScript = "diff \"${PODS_PODFILE_DIR_PATH}/Podfile.lock\" \"${PODS_ROOT}/Manifest.lock\" > /dev/null\nif [ $? != 0 ] ; then\n    # print error to STDERR\n    echo \"error: The sandbox is not in sync with the Podfile.lock. Run 'pod install' or update your CocoaPods installation.\" >&2\n    exit 1\nfi\n# This output is used by Xcode 'outputs' to avoid re-running this script phase.\necho \"SUCCESS\" > \"${SCRIPT_OUTPUT_FILE_0}\"\n";
			showEnvVarsInLog = 0;
		};
		EC1B2690D16677AA5C66E9EA /* [CP] Embed Pods Frameworks */ = {
			isa = PBXShellScriptBuildPhase;
			buildActionMask = 2147483647;
			files = (
			);
			inputFileListPaths = (
				"${PODS_ROOT}/Target Support Files/Pods-MovieReviewApp/Pods-MovieReviewApp-frameworks-${CONFIGURATION}-input-files.xcfilelist",
			);
			name = "[CP] Embed Pods Frameworks";
			outputFileListPaths = (
				"${PODS_ROOT}/Target Support Files/Pods-MovieReviewApp/Pods-MovieReviewApp-frameworks-${CONFIGURATION}-output-files.xcfilelist",
			);
			runOnlyForDeploymentPostprocessing = 0;
			shellPath = /bin/sh;
			shellScript = "\"${PODS_ROOT}/Target Support Files/Pods-MovieReviewApp/Pods-MovieReviewApp-frameworks.sh\"\n";
			showEnvVarsInLog = 0;
		};
/* End PBXShellScriptBuildPhase section */

/* Begin PBXSourcesBuildPhase section */
		75706B94263E3848007B07EC /* Sources */ = {
			isa = PBXSourcesBuildPhase;
			buildActionMask = 2147483647;
			files = (
				75706BA0263E3848007B07EC /* ViewController.swift in Sources */,
				75706B9C263E3848007B07EC /* AppDelegate.swift in Sources */,
				75706B9E263E3848007B07EC /* SceneDelegate.swift in Sources */,
			);
			runOnlyForDeploymentPostprocessing = 0;
		};
		75706BAA263E3857007B07EC /* Sources */ = {
			isa = PBXSourcesBuildPhase;
			buildActionMask = 2147483647;
			files = (
				75706BB3263E3857007B07EC /* MovieReviewAppTests.swift in Sources */,
			);
			runOnlyForDeploymentPostprocessing = 0;
		};
		75706BB5263E3857007B07EC /* Sources */ = {
			isa = PBXSourcesBuildPhase;
			buildActionMask = 2147483647;
			files = (
				75706BBE263E3857007B07EC /* MovieReviewAppUITests.swift in Sources */,
			);
			runOnlyForDeploymentPostprocessing = 0;
		};
/* End PBXSourcesBuildPhase section */

/* Begin PBXTargetDependency section */
		75706BB0263E3857007B07EC /* PBXTargetDependency */ = {
			isa = PBXTargetDependency;
			target = 75706B97263E3848007B07EC /* MovieReviewApp */;
			targetProxy = 75706BAF263E3857007B07EC /* PBXContainerItemProxy */;
		};
		75706BBB263E3857007B07EC /* PBXTargetDependency */ = {
			isa = PBXTargetDependency;
			target = 75706B97263E3848007B07EC /* MovieReviewApp */;
			targetProxy = 75706BBA263E3857007B07EC /* PBXContainerItemProxy */;
		};
/* End PBXTargetDependency section */

/* Begin PBXVariantGroup section */
		75706BA1263E3848007B07EC /* Main.storyboard */ = {
			isa = PBXVariantGroup;
			children = (
				75706BA2263E3848007B07EC /* Base */,
			);
			name = Main.storyboard;
			sourceTree = "<group>";
		};
		75706BA6263E3857007B07EC /* LaunchScreen.storyboard */ = {
			isa = PBXVariantGroup;
			children = (
				75706BA7263E3857007B07EC /* Base */,
			);
			name = LaunchScreen.storyboard;
			sourceTree = "<group>";
		};
/* End PBXVariantGroup section */

/* Begin XCBuildConfiguration section */
		75706BC0263E3857007B07EC /* Debug */ = {
			isa = XCBuildConfiguration;
			buildSettings = {
				ALWAYS_SEARCH_USER_PATHS = NO;
				CLANG_ANALYZER_NONNULL = YES;
				CLANG_ANALYZER_NUMBER_OBJECT_CONVERSION = YES_AGGRESSIVE;
				CLANG_CXX_LANGUAGE_STANDARD = "gnu++14";
				CLANG_CXX_LIBRARY = "libc++";
				CLANG_ENABLE_MODULES = YES;
				CLANG_ENABLE_OBJC_ARC = YES;
				CLANG_ENABLE_OBJC_WEAK = YES;
				CLANG_WARN_BLOCK_CAPTURE_AUTORELEASING = YES;
				CLANG_WARN_BOOL_CONVERSION = YES;
				CLANG_WARN_COMMA = YES;
				CLANG_WARN_CONSTANT_CONVERSION = YES;
				CLANG_WARN_DEPRECATED_OBJC_IMPLEMENTATIONS = YES;
				CLANG_WARN_DIRECT_OBJC_ISA_USAGE = YES_ERROR;
				CLANG_WARN_DOCUMENTATION_COMMENTS = YES;
				CLANG_WARN_EMPTY_BODY = YES;
				CLANG_WARN_ENUM_CONVERSION = YES;
				CLANG_WARN_INFINITE_RECURSION = YES;
				CLANG_WARN_INT_CONVERSION = YES;
				CLANG_WARN_NON_LITERAL_NULL_CONVERSION = YES;
				CLANG_WARN_OBJC_IMPLICIT_RETAIN_SELF = YES;
				CLANG_WARN_OBJC_LITERAL_CONVERSION = YES;
				CLANG_WARN_OBJC_ROOT_CLASS = YES_ERROR;
				CLANG_WARN_QUOTED_INCLUDE_IN_FRAMEWORK_HEADER = YES;
				CLANG_WARN_RANGE_LOOP_ANALYSIS = YES;
				CLANG_WARN_STRICT_PROTOTYPES = YES;
				CLANG_WARN_SUSPICIOUS_MOVE = YES;
				CLANG_WARN_UNGUARDED_AVAILABILITY = YES_AGGRESSIVE;
				CLANG_WARN_UNREACHABLE_CODE = YES;
				CLANG_WARN__DUPLICATE_METHOD_MATCH = YES;
				COPY_PHASE_STRIP = NO;
				DEBUG_INFORMATION_FORMAT = dwarf;
				ENABLE_STRICT_OBJC_MSGSEND = YES;
				ENABLE_TESTABILITY = YES;
				GCC_C_LANGUAGE_STANDARD = gnu11;
				GCC_DYNAMIC_NO_PIC = NO;
				GCC_NO_COMMON_BLOCKS = YES;
				GCC_OPTIMIZATION_LEVEL = 0;
				GCC_PREPROCESSOR_DEFINITIONS = (
					"DEBUG=1",
					"$(inherited)",
				);
				GCC_WARN_64_TO_32_BIT_CONVERSION = YES;
				GCC_WARN_ABOUT_RETURN_TYPE = YES_ERROR;
				GCC_WARN_UNDECLARED_SELECTOR = YES;
				GCC_WARN_UNINITIALIZED_AUTOS = YES_AGGRESSIVE;
				GCC_WARN_UNUSED_FUNCTION = YES;
				GCC_WARN_UNUSED_VARIABLE = YES;
				IPHONEOS_DEPLOYMENT_TARGET = 14.4;
				MTL_ENABLE_DEBUG_INFO = INCLUDE_SOURCE;
				MTL_FAST_MATH = YES;
				ONLY_ACTIVE_ARCH = YES;
				SDKROOT = iphoneos;
				SWIFT_ACTIVE_COMPILATION_CONDITIONS = DEBUG;
				SWIFT_OPTIMIZATION_LEVEL = "-Onone";
			};
			name = Debug;
		};
		75706BC1263E3857007B07EC /* Release */ = {
			isa = XCBuildConfiguration;
			buildSettings = {
				ALWAYS_SEARCH_USER_PATHS = NO;
				CLANG_ANALYZER_NONNULL = YES;
				CLANG_ANALYZER_NUMBER_OBJECT_CONVERSION = YES_AGGRESSIVE;
				CLANG_CXX_LANGUAGE_STANDARD = "gnu++14";
				CLANG_CXX_LIBRARY = "libc++";
				CLANG_ENABLE_MODULES = YES;
				CLANG_ENABLE_OBJC_ARC = YES;
				CLANG_ENABLE_OBJC_WEAK = YES;
				CLANG_WARN_BLOCK_CAPTURE_AUTORELEASING = YES;
				CLANG_WARN_BOOL_CONVERSION = YES;
				CLANG_WARN_COMMA = YES;
				CLANG_WARN_CONSTANT_CONVERSION = YES;
				CLANG_WARN_DEPRECATED_OBJC_IMPLEMENTATIONS = YES;
				CLANG_WARN_DIRECT_OBJC_ISA_USAGE = YES_ERROR;
				CLANG_WARN_DOCUMENTATION_COMMENTS = YES;
				CLANG_WARN_EMPTY_BODY = YES;
				CLANG_WARN_ENUM_CONVERSION = YES;
				CLANG_WARN_INFINITE_RECURSION = YES;
				CLANG_WARN_INT_CONVERSION = YES;
				CLANG_WARN_NON_LITERAL_NULL_CONVERSION = YES;
				CLANG_WARN_OBJC_IMPLICIT_RETAIN_SELF = YES;
				CLANG_WARN_OBJC_LITERAL_CONVERSION = YES;
				CLANG_WARN_OBJC_ROOT_CLASS = YES_ERROR;
				CLANG_WARN_QUOTED_INCLUDE_IN_FRAMEWORK_HEADER = YES;
				CLANG_WARN_RANGE_LOOP_ANALYSIS = YES;
				CLANG_WARN_STRICT_PROTOTYPES = YES;
				CLANG_WARN_SUSPICIOUS_MOVE = YES;
				CLANG_WARN_UNGUARDED_AVAILABILITY = YES_AGGRESSIVE;
				CLANG_WARN_UNREACHABLE_CODE = YES;
				CLANG_WARN__DUPLICATE_METHOD_MATCH = YES;
				COPY_PHASE_STRIP = NO;
				DEBUG_INFORMATION_FORMAT = "dwarf-with-dsym";
				ENABLE_NS_ASSERTIONS = NO;
				ENABLE_STRICT_OBJC_MSGSEND = YES;
				GCC_C_LANGUAGE_STANDARD = gnu11;
				GCC_NO_COMMON_BLOCKS = YES;
				GCC_WARN_64_TO_32_BIT_CONVERSION = YES;
				GCC_WARN_ABOUT_RETURN_TYPE = YES_ERROR;
				GCC_WARN_UNDECLARED_SELECTOR = YES;
				GCC_WARN_UNINITIALIZED_AUTOS = YES_AGGRESSIVE;
				GCC_WARN_UNUSED_FUNCTION = YES;
				GCC_WARN_UNUSED_VARIABLE = YES;
				IPHONEOS_DEPLOYMENT_TARGET = 14.4;
				MTL_ENABLE_DEBUG_INFO = NO;
				MTL_FAST_MATH = YES;
				SDKROOT = iphoneos;
				SWIFT_COMPILATION_MODE = wholemodule;
				SWIFT_OPTIMIZATION_LEVEL = "-O";
				VALIDATE_PRODUCT = YES;
			};
			name = Release;
		};
		75706BC3263E3857007B07EC /* Debug */ = {
			isa = XCBuildConfiguration;
			baseConfigurationReference = 24CF80D6E16CD3E4F0E881D9 /* Pods-MovieReviewApp.debug.xcconfig */;
			buildSettings = {
				ASSETCATALOG_COMPILER_APPICON_NAME = AppIcon;
				ASSETCATALOG_COMPILER_GLOBAL_ACCENT_COLOR_NAME = AccentColor;
				CODE_SIGN_STYLE = Automatic;
				DEVELOPMENT_TEAM = N53995CJPD;
				INFOPLIST_FILE = MovieReviewApp/Info.plist;
				LD_RUNPATH_SEARCH_PATHS = (
					"$(inherited)",
					"@executable_path/Frameworks",
				);
				PRODUCT_BUNDLE_IDENTIFIER = com.tatsuo.MovieReviewApp;
				PRODUCT_NAME = "$(TARGET_NAME)";
				SWIFT_VERSION = 5.0;
				TARGETED_DEVICE_FAMILY = "1,2";
			};
			name = Debug;
		};
		75706BC4263E3857007B07EC /* Release */ = {
			isa = XCBuildConfiguration;
			baseConfigurationReference = 9376C1BE187B0479CE1DE5B5 /* Pods-MovieReviewApp.release.xcconfig */;
			buildSettings = {
				ASSETCATALOG_COMPILER_APPICON_NAME = AppIcon;
				ASSETCATALOG_COMPILER_GLOBAL_ACCENT_COLOR_NAME = AccentColor;
				CODE_SIGN_STYLE = Automatic;
				DEVELOPMENT_TEAM = N53995CJPD;
				INFOPLIST_FILE = MovieReviewApp/Info.plist;
				LD_RUNPATH_SEARCH_PATHS = (
					"$(inherited)",
					"@executable_path/Frameworks",
				);
				PRODUCT_BUNDLE_IDENTIFIER = com.tatsuo.MovieReviewApp;
				PRODUCT_NAME = "$(TARGET_NAME)";
				SWIFT_VERSION = 5.0;
				TARGETED_DEVICE_FAMILY = "1,2";
			};
			name = Release;
		};
		75706BC6263E3857007B07EC /* Debug */ = {
			isa = XCBuildConfiguration;
			baseConfigurationReference = FCA92E312B397C9E30D3EDA5 /* Pods-MovieReviewAppTests.debug.xcconfig */;
			buildSettings = {
				ALWAYS_EMBED_SWIFT_STANDARD_LIBRARIES = YES;
				BUNDLE_LOADER = "$(TEST_HOST)";
				CODE_SIGN_STYLE = Automatic;
				DEVELOPMENT_TEAM = N53995CJPD;
				INFOPLIST_FILE = MovieReviewAppTests/Info.plist;
				IPHONEOS_DEPLOYMENT_TARGET = 14.4;
				LD_RUNPATH_SEARCH_PATHS = (
					"$(inherited)",
					"@executable_path/Frameworks",
					"@loader_path/Frameworks",
				);
				PRODUCT_BUNDLE_IDENTIFIER = com.tatsuo.MovieReviewAppTests;
				PRODUCT_NAME = "$(TARGET_NAME)";
				SWIFT_VERSION = 5.0;
				TARGETED_DEVICE_FAMILY = "1,2";
				TEST_HOST = "$(BUILT_PRODUCTS_DIR)/MovieReviewApp.app/MovieReviewApp";
			};
			name = Debug;
		};
		75706BC7263E3857007B07EC /* Release */ = {
			isa = XCBuildConfiguration;
			baseConfigurationReference = 05340F4BC582570698269345 /* Pods-MovieReviewAppTests.release.xcconfig */;
			buildSettings = {
				ALWAYS_EMBED_SWIFT_STANDARD_LIBRARIES = YES;
				BUNDLE_LOADER = "$(TEST_HOST)";
				CODE_SIGN_STYLE = Automatic;
				DEVELOPMENT_TEAM = N53995CJPD;
				INFOPLIST_FILE = MovieReviewAppTests/Info.plist;
				IPHONEOS_DEPLOYMENT_TARGET = 14.4;
				LD_RUNPATH_SEARCH_PATHS = (
					"$(inherited)",
					"@executable_path/Frameworks",
					"@loader_path/Frameworks",
				);
				PRODUCT_BUNDLE_IDENTIFIER = com.tatsuo.MovieReviewAppTests;
				PRODUCT_NAME = "$(TARGET_NAME)";
				SWIFT_VERSION = 5.0;
				TARGETED_DEVICE_FAMILY = "1,2";
				TEST_HOST = "$(BUILT_PRODUCTS_DIR)/MovieReviewApp.app/MovieReviewApp";
			};
			name = Release;
		};
		75706BC9263E3857007B07EC /* Debug */ = {
			isa = XCBuildConfiguration;
			baseConfigurationReference = E438CD7236370238E61D1D9F /* Pods-MovieReviewApp-MovieReviewAppUITests.debug.xcconfig */;
			buildSettings = {
				ALWAYS_EMBED_SWIFT_STANDARD_LIBRARIES = YES;
				CODE_SIGN_STYLE = Automatic;
				DEVELOPMENT_TEAM = N53995CJPD;
				INFOPLIST_FILE = MovieReviewAppUITests/Info.plist;
				LD_RUNPATH_SEARCH_PATHS = (
					"$(inherited)",
					"@executable_path/Frameworks",
					"@loader_path/Frameworks",
				);
				PRODUCT_BUNDLE_IDENTIFIER = com.tatsuo.MovieReviewAppUITests;
				PRODUCT_NAME = "$(TARGET_NAME)";
				SWIFT_VERSION = 5.0;
				TARGETED_DEVICE_FAMILY = "1,2";
				TEST_TARGET_NAME = MovieReviewApp;
			};
			name = Debug;
		};
		75706BCA263E3857007B07EC /* Release */ = {
			isa = XCBuildConfiguration;
			baseConfigurationReference = 763A256C7DE004143DACE9C8 /* Pods-MovieReviewApp-MovieReviewAppUITests.release.xcconfig */;
			buildSettings = {
				ALWAYS_EMBED_SWIFT_STANDARD_LIBRARIES = YES;
				CODE_SIGN_STYLE = Automatic;
				DEVELOPMENT_TEAM = N53995CJPD;
				INFOPLIST_FILE = MovieReviewAppUITests/Info.plist;
				LD_RUNPATH_SEARCH_PATHS = (
					"$(inherited)",
					"@executable_path/Frameworks",
					"@loader_path/Frameworks",
				);
				PRODUCT_BUNDLE_IDENTIFIER = com.tatsuo.MovieReviewAppUITests;
				PRODUCT_NAME = "$(TARGET_NAME)";
				SWIFT_VERSION = 5.0;
				TARGETED_DEVICE_FAMILY = "1,2";
				TEST_TARGET_NAME = MovieReviewApp;
			};
			name = Release;
		};
/* End XCBuildConfiguration section */

/* Begin XCConfigurationList section */
		75706B93263E3848007B07EC /* Build configuration list for PBXProject "MovieReviewApp" */ = {
			isa = XCConfigurationList;
			buildConfigurations = (
				75706BC0263E3857007B07EC /* Debug */,
				75706BC1263E3857007B07EC /* Release */,
			);
			defaultConfigurationIsVisible = 0;
			defaultConfigurationName = Release;
		};
		75706BC2263E3857007B07EC /* Build configuration list for PBXNativeTarget "MovieReviewApp" */ = {
			isa = XCConfigurationList;
			buildConfigurations = (
				75706BC3263E3857007B07EC /* Debug */,
				75706BC4263E3857007B07EC /* Release */,
			);
			defaultConfigurationIsVisible = 0;
			defaultConfigurationName = Release;
		};
		75706BC5263E3857007B07EC /* Build configuration list for PBXNativeTarget "MovieReviewAppTests" */ = {
			isa = XCConfigurationList;
			buildConfigurations = (
				75706BC6263E3857007B07EC /* Debug */,
				75706BC7263E3857007B07EC /* Release */,
			);
			defaultConfigurationIsVisible = 0;
			defaultConfigurationName = Release;
		};
		75706BC8263E3857007B07EC /* Build configuration list for PBXNativeTarget "MovieReviewAppUITests" */ = {
			isa = XCConfigurationList;
			buildConfigurations = (
				75706BC9263E3857007B07EC /* Debug */,
				75706BCA263E3857007B07EC /* Release */,
			);
			defaultConfigurationIsVisible = 0;
			defaultConfigurationName = Release;
		};
/* End XCConfigurationList section */
	};
	rootObject = 75706B90263E3848007B07EC /* Project object */;
}
